// !$*UTF8*$!
{
	archiveVersion = 1;
	classes = {
	};
	objectVersion = 46;
	objects = {

/* Begin PBXBuildFile section */
		0DB851FAC80227C38AF366A9 /* libPods-Doctor.a in Frameworks */ = {isa = PBXBuildFile; fileRef = 6E291C3B8E58DA7299F1D0BE /* libPods-Doctor.a */; };
		950142D01E4C7D1400987828 /* Assets.xcassets in Resources */ = {isa = PBXBuildFile; fileRef = 950142CF1E4C7D1400987828 /* Assets.xcassets */; };
		950142EC1E4C7F1100987828 /* AppDelegate.m in Sources */ = {isa = PBXBuildFile; fileRef = 950142E91E4C7F1100987828 /* AppDelegate.m */; };
		950142ED1E4C7F1100987828 /* Info.plist in Resources */ = {isa = PBXBuildFile; fileRef = 950142EA1E4C7F1100987828 /* Info.plist */; };
		950142EE1E4C7F1100987828 /* main.m in Sources */ = {isa = PBXBuildFile; fileRef = 950142EB1E4C7F1100987828 /* main.m */; };
		950142F31E4C7F3A00987828 /* LaunchScreen.storyboard in Resources */ = {isa = PBXBuildFile; fileRef = 950142EF1E4C7F3A00987828 /* LaunchScreen.storyboard */; };
		950142F71E4C7F7E00987828 /* MY_TabController.m in Sources */ = {isa = PBXBuildFile; fileRef = 950142F61E4C7F7E00987828 /* MY_TabController.m */; };
		950142FA1E4C7F9100987828 /* MY_TabBar.m in Sources */ = {isa = PBXBuildFile; fileRef = 950142F91E4C7F9100987828 /* MY_TabBar.m */; };
		950143001E4C7FF000987828 /* MY_TabBarButton.m in Sources */ = {isa = PBXBuildFile; fileRef = 950142FF1E4C7FF000987828 /* MY_TabBarButton.m */; };
		950143031E4C800F00987828 /* MY_NavigationController.m in Sources */ = {isa = PBXBuildFile; fileRef = 950143021E4C800F00987828 /* MY_NavigationController.m */; };
		95706F5C1E4D516300536AE2 /* MY_BaseController.m in Sources */ = {isa = PBXBuildFile; fileRef = 95706F5B1E4D516300536AE2 /* MY_BaseController.m */; };
		95706F5F1E4D518600536AE2 /* MY_TableViewController.m in Sources */ = {isa = PBXBuildFile; fileRef = 95706F5E1E4D518600536AE2 /* MY_TableViewController.m */; };
		9572FB2B1E53E58D0076E80B /* MY_BaseCell.m in Sources */ = {isa = PBXBuildFile; fileRef = 9572FB2A1E53E58D0076E80B /* MY_BaseCell.m */; };
		958C35E21E53F8F6006FCCF3 /* UITableView+MJRefresh.m in Sources */ = {isa = PBXBuildFile; fileRef = 958C35E11E53F8F6006FCCF3 /* UITableView+MJRefresh.m */; };
		958C35E51E5400F8006FCCF3 /* MY_Util.m in Sources */ = {isa = PBXBuildFile; fileRef = 958C35E41E5400F8006FCCF3 /* MY_Util.m */; };
		958C35E91E541BFB006FCCF3 /* MY_RequestModel.m in Sources */ = {isa = PBXBuildFile; fileRef = 958C35E81E541BFB006FCCF3 /* MY_RequestModel.m */; };
		958C35EC1E542461006FCCF3 /* MY_BaseModel.m in Sources */ = {isa = PBXBuildFile; fileRef = 958C35EB1E542461006FCCF3 /* MY_BaseModel.m */; };
		95B0227D1E52E1C800B672D3 /* MY_BadgeButton.m in Sources */ = {isa = PBXBuildFile; fileRef = 95B0227C1E52E1C800B672D3 /* MY_BadgeButton.m */; };
		95F8000E1E554E0F00C0F23B /* MY_NavBar.m in Sources */ = {isa = PBXBuildFile; fileRef = 95F8000D1E554E0F00C0F23B /* MY_NavBar.m */; };
		95F800111E556BE400C0F23B /* MY_LoginController.m in Sources */ = {isa = PBXBuildFile; fileRef = 95F800101E556BE400C0F23B /* MY_LoginController.m */; };
		95F800151E55815D00C0F23B /* MY_AccountModel.m in Sources */ = {isa = PBXBuildFile; fileRef = 95F800141E55815D00C0F23B /* MY_AccountModel.m */; };
		95F800181E55914500C0F23B /* MY_ScanQRCodeController.m in Sources */ = {isa = PBXBuildFile; fileRef = 95F800171E55914500C0F23B /* MY_ScanQRCodeController.m */; };
		95F8001B1E55925A00C0F23B /* UIView+Base.m in Sources */ = {isa = PBXBuildFile; fileRef = 95F8001A1E55925A00C0F23B /* UIView+Base.m */; };
/* End PBXBuildFile section */

/* Begin PBXFileReference section */
		4E472CEA6E41CE914BE048A8 /* Pods-Doctor.debug.xcconfig */ = {isa = PBXFileReference; includeInIndex = 1; lastKnownFileType = text.xcconfig; name = "Pods-Doctor.debug.xcconfig"; path = "Pods/Target Support Files/Pods-Doctor/Pods-Doctor.debug.xcconfig"; sourceTree = "<group>"; };
		6E291C3B8E58DA7299F1D0BE /* libPods-Doctor.a */ = {isa = PBXFileReference; explicitFileType = archive.ar; includeInIndex = 0; path = "libPods-Doctor.a"; sourceTree = BUILT_PRODUCTS_DIR; };
		8E30043272C7F3709E832F8C /* Pods-Doctor.release.xcconfig */ = {isa = PBXFileReference; includeInIndex = 1; lastKnownFileType = text.xcconfig; name = "Pods-Doctor.release.xcconfig"; path = "Pods/Target Support Files/Pods-Doctor/Pods-Doctor.release.xcconfig"; sourceTree = "<group>"; };
		950142C01E4C7D1300987828 /* Doctor.app */ = {isa = PBXFileReference; explicitFileType = wrapper.application; includeInIndex = 0; path = Doctor.app; sourceTree = BUILT_PRODUCTS_DIR; };
		950142CF1E4C7D1400987828 /* Assets.xcassets */ = {isa = PBXFileReference; lastKnownFileType = folder.assetcatalog; name = Assets.xcassets; path = Doctor/Assets.xcassets; sourceTree = "<group>"; };
		950142E81E4C7F1100987828 /* AppDelegate.h */ = {isa = PBXFileReference; fileEncoding = 4; lastKnownFileType = sourcecode.c.h; path = AppDelegate.h; sourceTree = "<group>"; };
		950142E91E4C7F1100987828 /* AppDelegate.m */ = {isa = PBXFileReference; fileEncoding = 4; lastKnownFileType = sourcecode.c.objc; path = AppDelegate.m; sourceTree = "<group>"; };
		950142EA1E4C7F1100987828 /* Info.plist */ = {isa = PBXFileReference; fileEncoding = 4; lastKnownFileType = text.plist.xml; path = Info.plist; sourceTree = "<group>"; };
		950142EB1E4C7F1100987828 /* main.m */ = {isa = PBXFileReference; fileEncoding = 4; lastKnownFileType = sourcecode.c.objc; path = main.m; sourceTree = "<group>"; };
		950142F01E4C7F3A00987828 /* Base */ = {isa = PBXFileReference; lastKnownFileType = file.storyboard; name = Base; path = Doctor/Base.lproj/LaunchScreen.storyboard; sourceTree = SOURCE_ROOT; };
		950142F51E4C7F7E00987828 /* MY_TabController.h */ = {isa = PBXFileReference; fileEncoding = 4; lastKnownFileType = sourcecode.c.h; path = MY_TabController.h; sourceTree = "<group>"; };
		950142F61E4C7F7E00987828 /* MY_TabController.m */ = {isa = PBXFileReference; fileEncoding = 4; lastKnownFileType = sourcecode.c.objc; path = MY_TabController.m; sourceTree = "<group>"; };
		950142F81E4C7F9100987828 /* MY_TabBar.h */ = {isa = PBXFileReference; fileEncoding = 4; lastKnownFileType = sourcecode.c.h; path = MY_TabBar.h; sourceTree = "<group>"; };
		950142F91E4C7F9100987828 /* MY_TabBar.m */ = {isa = PBXFileReference; fileEncoding = 4; lastKnownFileType = sourcecode.c.objc; path = MY_TabBar.m; sourceTree = "<group>"; };
		950142FE1E4C7FF000987828 /* MY_TabBarButton.h */ = {isa = PBXFileReference; fileEncoding = 4; lastKnownFileType = sourcecode.c.h; path = MY_TabBarButton.h; sourceTree = "<group>"; };
		950142FF1E4C7FF000987828 /* MY_TabBarButton.m */ = {isa = PBXFileReference; fileEncoding = 4; lastKnownFileType = sourcecode.c.objc; path = MY_TabBarButton.m; sourceTree = "<group>"; };
		950143011E4C800F00987828 /* MY_NavigationController.h */ = {isa = PBXFileReference; fileEncoding = 4; lastKnownFileType = sourcecode.c.h; path = MY_NavigationController.h; sourceTree = "<group>"; };
		950143021E4C800F00987828 /* MY_NavigationController.m */ = {isa = PBXFileReference; fileEncoding = 4; lastKnownFileType = sourcecode.c.objc; path = MY_NavigationController.m; sourceTree = "<group>"; };
		95706F5A1E4D516300536AE2 /* MY_BaseController.h */ = {isa = PBXFileReference; fileEncoding = 4; lastKnownFileType = sourcecode.c.h; path = MY_BaseController.h; sourceTree = "<group>"; };
		95706F5B1E4D516300536AE2 /* MY_BaseController.m */ = {isa = PBXFileReference; fileEncoding = 4; lastKnownFileType = sourcecode.c.objc; path = MY_BaseController.m; sourceTree = "<group>"; };
		95706F5D1E4D518600536AE2 /* MY_TableViewController.h */ = {isa = PBXFileReference; fileEncoding = 4; lastKnownFileType = sourcecode.c.h; path = MY_TableViewController.h; sourceTree = "<group>"; };
		95706F5E1E4D518600536AE2 /* MY_TableViewController.m */ = {isa = PBXFileReference; fileEncoding = 4; lastKnownFileType = sourcecode.c.objc; path = MY_TableViewController.m; sourceTree = "<group>"; };
		9572FB291E53E58D0076E80B /* MY_BaseCell.h */ = {isa = PBXFileReference; fileEncoding = 4; lastKnownFileType = sourcecode.c.h; path = MY_BaseCell.h; sourceTree = "<group>"; };
		9572FB2A1E53E58D0076E80B /* MY_BaseCell.m */ = {isa = PBXFileReference; fileEncoding = 4; lastKnownFileType = sourcecode.c.objc; path = MY_BaseCell.m; sourceTree = "<group>"; };
		958C35E01E53F8F6006FCCF3 /* UITableView+MJRefresh.h */ = {isa = PBXFileReference; fileEncoding = 4; lastKnownFileType = sourcecode.c.h; path = "UITableView+MJRefresh.h"; sourceTree = "<group>"; };
		958C35E11E53F8F6006FCCF3 /* UITableView+MJRefresh.m */ = {isa = PBXFileReference; fileEncoding = 4; lastKnownFileType = sourcecode.c.objc; path = "UITableView+MJRefresh.m"; sourceTree = "<group>"; };
		958C35E31E5400F8006FCCF3 /* MY_Util.h */ = {isa = PBXFileReference; fileEncoding = 4; lastKnownFileType = sourcecode.c.h; path = MY_Util.h; sourceTree = "<group>"; };
		958C35E41E5400F8006FCCF3 /* MY_Util.m */ = {isa = PBXFileReference; fileEncoding = 4; lastKnownFileType = sourcecode.c.objc; path = MY_Util.m; sourceTree = "<group>"; };
		958C35E71E541BFB006FCCF3 /* MY_RequestModel.h */ = {isa = PBXFileReference; fileEncoding = 4; lastKnownFileType = sourcecode.c.h; path = MY_RequestModel.h; sourceTree = "<group>"; };
		958C35E81E541BFB006FCCF3 /* MY_RequestModel.m */ = {isa = PBXFileReference; fileEncoding = 4; lastKnownFileType = sourcecode.c.objc; path = MY_RequestModel.m; sourceTree = "<group>"; };
		958C35EA1E542461006FCCF3 /* MY_BaseModel.h */ = {isa = PBXFileReference; fileEncoding = 4; lastKnownFileType = sourcecode.c.h; path = MY_BaseModel.h; sourceTree = "<group>"; };
		958C35EB1E542461006FCCF3 /* MY_BaseModel.m */ = {isa = PBXFileReference; fileEncoding = 4; lastKnownFileType = sourcecode.c.objc; path = MY_BaseModel.m; sourceTree = "<group>"; };
		958C35ED1E544974006FCCF3 /* MY_Api.h */ = {isa = PBXFileReference; lastKnownFileType = sourcecode.c.h; path = MY_Api.h; sourceTree = "<group>"; };
		95B022791E52DC8F00B672D3 /* Doctor-Prefix.pch */ = {isa = PBXFileReference; lastKnownFileType = sourcecode.c.h; path = "Doctor-Prefix.pch"; sourceTree = "<group>"; };
		95B0227A1E52DDD600B672D3 /* MY_Common.h */ = {isa = PBXFileReference; lastKnownFileType = sourcecode.c.h; path = MY_Common.h; sourceTree = "<group>"; };
		95B0227B1E52E1C800B672D3 /* MY_BadgeButton.h */ = {isa = PBXFileReference; fileEncoding = 4; lastKnownFileType = sourcecode.c.h; path = MY_BadgeButton.h; sourceTree = "<group>"; };
		95B0227C1E52E1C800B672D3 /* MY_BadgeButton.m */ = {isa = PBXFileReference; fileEncoding = 4; lastKnownFileType = sourcecode.c.objc; path = MY_BadgeButton.m; sourceTree = "<group>"; };
		95F8000C1E554E0F00C0F23B /* MY_NavBar.h */ = {isa = PBXFileReference; fileEncoding = 4; lastKnownFileType = sourcecode.c.h; path = MY_NavBar.h; sourceTree = "<group>"; };
		95F8000D1E554E0F00C0F23B /* MY_NavBar.m */ = {isa = PBXFileReference; fileEncoding = 4; lastKnownFileType = sourcecode.c.objc; path = MY_NavBar.m; sourceTree = "<group>"; };
		95F8000F1E556BE400C0F23B /* MY_LoginController.h */ = {isa = PBXFileReference; fileEncoding = 4; lastKnownFileType = sourcecode.c.h; path = MY_LoginController.h; sourceTree = "<group>"; };
		95F800101E556BE400C0F23B /* MY_LoginController.m */ = {isa = PBXFileReference; fileEncoding = 4; lastKnownFileType = sourcecode.c.objc; path = MY_LoginController.m; sourceTree = "<group>"; };
		95F800121E5578F400C0F23B /* MY_ENUM.h */ = {isa = PBXFileReference; lastKnownFileType = sourcecode.c.h; path = MY_ENUM.h; sourceTree = "<group>"; };
		95F800131E55815D00C0F23B /* MY_AccountModel.h */ = {isa = PBXFileReference; fileEncoding = 4; lastKnownFileType = sourcecode.c.h; path = MY_AccountModel.h; sourceTree = "<group>"; };
		95F800141E55815D00C0F23B /* MY_AccountModel.m */ = {isa = PBXFileReference; fileEncoding = 4; lastKnownFileType = sourcecode.c.objc; path = MY_AccountModel.m; sourceTree = "<group>"; };
		95F800161E55914500C0F23B /* MY_ScanQRCodeController.h */ = {isa = PBXFileReference; fileEncoding = 4; lastKnownFileType = sourcecode.c.h; path = MY_ScanQRCodeController.h; sourceTree = "<group>"; };
		95F800171E55914500C0F23B /* MY_ScanQRCodeController.m */ = {isa = PBXFileReference; fileEncoding = 4; lastKnownFileType = sourcecode.c.objc; path = MY_ScanQRCodeController.m; sourceTree = "<group>"; };
		95F800191E55925A00C0F23B /* UIView+Base.h */ = {isa = PBXFileReference; fileEncoding = 4; lastKnownFileType = sourcecode.c.h; path = "UIView+Base.h"; sourceTree = "<group>"; };
		95F8001A1E55925A00C0F23B /* UIView+Base.m */ = {isa = PBXFileReference; fileEncoding = 4; lastKnownFileType = sourcecode.c.objc; path = "UIView+Base.m"; sourceTree = "<group>"; };
/* End PBXFileReference section */

/* Begin PBXFrameworksBuildPhase section */
		950142BD1E4C7D1300987828 /* Frameworks */ = {
			isa = PBXFrameworksBuildPhase;
			buildActionMask = 2147483647;
			files = (
				0DB851FAC80227C38AF366A9 /* libPods-Doctor.a in Frameworks */,
			);
			runOnlyForDeploymentPostprocessing = 0;
		};
/* End PBXFrameworksBuildPhase section */

/* Begin PBXGroup section */
		751FB90BB0F2A265B00F92DC /* Pods */ = {
			isa = PBXGroup;
			children = (
				4E472CEA6E41CE914BE048A8 /* Pods-Doctor.debug.xcconfig */,
				8E30043272C7F3709E832F8C /* Pods-Doctor.release.xcconfig */,
			);
			name = Pods;
			sourceTree = "<group>";
		};
		950142B71E4C7D1300987828 = {
			isa = PBXGroup;
			children = (
				950142C21E4C7D1300987828 /* Doctor */,
				950142C11E4C7D1300987828 /* Products */,
				751FB90BB0F2A265B00F92DC /* Pods */,
				E3F23EC9C81AE0D1C5E01375 /* Frameworks */,
				950142CF1E4C7D1400987828 /* Assets.xcassets */,
			);
			sourceTree = "<group>";
		};
		950142C11E4C7D1300987828 /* Products */ = {
			isa = PBXGroup;
			children = (
				950142C01E4C7D1300987828 /* Doctor.app */,
			);
			name = Products;
			sourceTree = "<group>";
		};
		950142C21E4C7D1300987828 /* Doctor */ = {
			isa = PBXGroup;
			children = (
				95B022741E52DB9A00B672D3 /* Common */,
				950142E21E4C7F0500987828 /* Classes */,
				950142E71E4C7F1100987828 /* Other */,
				950142C31E4C7D1300987828 /* Supporting Files */,
			);
			path = Doctor;
			sourceTree = "<group>";
		};
		950142C31E4C7D1300987828 /* Supporting Files */ = {
			isa = PBXGroup;
			children = (
			);
			name = "Supporting Files";
			sourceTree = "<group>";
		};
		950142E21E4C7F0500987828 /* Classes */ = {
			isa = PBXGroup;
			children = (
				95706F421E4D50D700536AE2 /* Base */,
				95706F4E1E4D50D700536AE2 /* LoginAndRegister */,
				95706F461E4D50D700536AE2 /* First */,
				95706F521E4D50D700536AE2 /* Second */,
				95706F561E4D50D700536AE2 /* Third */,
				95706F4A1E4D50D700536AE2 /* Fourth */,
				950142E31E4C7F0500987828 /* TabAndNav */,
			);
			path = Classes;
			sourceTree = "<group>";
		};
		950142E31E4C7F0500987828 /* TabAndNav */ = {
			isa = PBXGroup;
			children = (
				950142E41E4C7F0500987828 /* Controller */,
				950142E51E4C7F0500987828 /* Model */,
				950142E61E4C7F0500987828 /* View */,
			);
			path = TabAndNav;
			sourceTree = "<group>";
		};
		950142E41E4C7F0500987828 /* Controller */ = {
			isa = PBXGroup;
			children = (
				950142F51E4C7F7E00987828 /* MY_TabController.h */,
				950142F61E4C7F7E00987828 /* MY_TabController.m */,
				950143011E4C800F00987828 /* MY_NavigationController.h */,
				950143021E4C800F00987828 /* MY_NavigationController.m */,
			);
			path = Controller;
			sourceTree = "<group>";
		};
		950142E51E4C7F0500987828 /* Model */ = {
			isa = PBXGroup;
			children = (
			);
			path = Model;
			sourceTree = "<group>";
		};
		950142E61E4C7F0500987828 /* View */ = {
			isa = PBXGroup;
			children = (
				950142F81E4C7F9100987828 /* MY_TabBar.h */,
				950142F91E4C7F9100987828 /* MY_TabBar.m */,
				950142FE1E4C7FF000987828 /* MY_TabBarButton.h */,
				950142FF1E4C7FF000987828 /* MY_TabBarButton.m */,
				95B0227B1E52E1C800B672D3 /* MY_BadgeButton.h */,
				95B0227C1E52E1C800B672D3 /* MY_BadgeButton.m */,
				95F8000C1E554E0F00C0F23B /* MY_NavBar.h */,
				95F8000D1E554E0F00C0F23B /* MY_NavBar.m */,
			);
			path = View;
			sourceTree = "<group>";
		};
		950142E71E4C7F1100987828 /* Other */ = {
			isa = PBXGroup;
			children = (
				950142EF1E4C7F3A00987828 /* LaunchScreen.storyboard */,
				950142E81E4C7F1100987828 /* AppDelegate.h */,
				950142E91E4C7F1100987828 /* AppDelegate.m */,
				950142EA1E4C7F1100987828 /* Info.plist */,
				950142EB1E4C7F1100987828 /* main.m */,
				95B022791E52DC8F00B672D3 /* Doctor-Prefix.pch */,
			);
			path = Other;
			sourceTree = "<group>";
		};
		95706F421E4D50D700536AE2 /* Base */ = {
			isa = PBXGroup;
			children = (
				95706F431E4D50D700536AE2 /* Controller */,
				95706F441E4D50D700536AE2 /* Model */,
				95706F451E4D50D700536AE2 /* View */,
			);
			path = Base;
			sourceTree = "<group>";
		};
		95706F431E4D50D700536AE2 /* Controller */ = {
			isa = PBXGroup;
			children = (
				95706F5A1E4D516300536AE2 /* MY_BaseController.h */,
				95706F5B1E4D516300536AE2 /* MY_BaseController.m */,
				95706F5D1E4D518600536AE2 /* MY_TableViewController.h */,
				95706F5E1E4D518600536AE2 /* MY_TableViewController.m */,
			);
			path = Controller;
			sourceTree = "<group>";
		};
		95706F441E4D50D700536AE2 /* Model */ = {
			isa = PBXGroup;
			children = (
				958C35EA1E542461006FCCF3 /* MY_BaseModel.h */,
				958C35EB1E542461006FCCF3 /* MY_BaseModel.m */,
			);
			path = Model;
			sourceTree = "<group>";
		};
		95706F451E4D50D700536AE2 /* View */ = {
			isa = PBXGroup;
			children = (
				9572FB291E53E58D0076E80B /* MY_BaseCell.h */,
				9572FB2A1E53E58D0076E80B /* MY_BaseCell.m */,
			);
			path = View;
			sourceTree = "<group>";
		};
		95706F461E4D50D700536AE2 /* First */ = {
			isa = PBXGroup;
			children = (
				95706F471E4D50D700536AE2 /* Controller */,
				95706F481E4D50D700536AE2 /* Model */,
				95706F491E4D50D700536AE2 /* View */,
			);
			path = First;
			sourceTree = "<group>";
		};
		95706F471E4D50D700536AE2 /* Controller */ = {
			isa = PBXGroup;
			children = (
				95F800161E55914500C0F23B /* MY_ScanQRCodeController.h */,
				95F800171E55914500C0F23B /* MY_ScanQRCodeController.m */,
			);
			path = Controller;
			sourceTree = "<group>";
		};
		95706F481E4D50D700536AE2 /* Model */ = {
			isa = PBXGroup;
			children = (
			);
			path = Model;
			sourceTree = "<group>";
		};
		95706F491E4D50D700536AE2 /* View */ = {
			isa = PBXGroup;
			children = (
			);
			path = View;
			sourceTree = "<group>";
		};
		95706F4A1E4D50D700536AE2 /* Fourth */ = {
			isa = PBXGroup;
			children = (
				95706F4B1E4D50D700536AE2 /* Controller */,
				95706F4C1E4D50D700536AE2 /* Model */,
				95706F4D1E4D50D700536AE2 /* View */,
			);
			path = Fourth;
			sourceTree = "<group>";
		};
		95706F4B1E4D50D700536AE2 /* Controller */ = {
			isa = PBXGroup;
			children = (
			);
			path = Controller;
			sourceTree = "<group>";
		};
		95706F4C1E4D50D700536AE2 /* Model */ = {
			isa = PBXGroup;
			children = (
			);
			path = Model;
			sourceTree = "<group>";
		};
		95706F4D1E4D50D700536AE2 /* View */ = {
			isa = PBXGroup;
			children = (
			);
			path = View;
			sourceTree = "<group>";
		};
		95706F4E1E4D50D700536AE2 /* LoginAndRegister */ = {
			isa = PBXGroup;
			children = (
				95706F4F1E4D50D700536AE2 /* Controller */,
				95706F501E4D50D700536AE2 /* Model */,
				95706F511E4D50D700536AE2 /* View */,
			);
			path = LoginAndRegister;
			sourceTree = "<group>";
		};
		95706F4F1E4D50D700536AE2 /* Controller */ = {
			isa = PBXGroup;
			children = (
				95F8000F1E556BE400C0F23B /* MY_LoginController.h */,
				95F800101E556BE400C0F23B /* MY_LoginController.m */,
			);
			path = Controller;
			sourceTree = "<group>";
		};
		95706F501E4D50D700536AE2 /* Model */ = {
			isa = PBXGroup;
			children = (
				95F800131E55815D00C0F23B /* MY_AccountModel.h */,
				95F800141E55815D00C0F23B /* MY_AccountModel.m */,
			);
			path = Model;
			sourceTree = "<group>";
		};
		95706F511E4D50D700536AE2 /* View */ = {
			isa = PBXGroup;
			children = (
			);
			path = View;
			sourceTree = "<group>";
		};
		95706F521E4D50D700536AE2 /* Second */ = {
			isa = PBXGroup;
			children = (
				95706F531E4D50D700536AE2 /* Controller */,
				95706F541E4D50D700536AE2 /* Model */,
				95706F551E4D50D700536AE2 /* View */,
			);
			path = Second;
			sourceTree = "<group>";
		};
		95706F531E4D50D700536AE2 /* Controller */ = {
			isa = PBXGroup;
			children = (
			);
			path = Controller;
			sourceTree = "<group>";
		};
		95706F541E4D50D700536AE2 /* Model */ = {
			isa = PBXGroup;
			children = (
			);
			path = Model;
			sourceTree = "<group>";
		};
		95706F551E4D50D700536AE2 /* View */ = {
			isa = PBXGroup;
			children = (
			);
			path = View;
			sourceTree = "<group>";
		};
		95706F561E4D50D700536AE2 /* Third */ = {
			isa = PBXGroup;
			children = (
				95706F571E4D50D700536AE2 /* Controller */,
				95706F581E4D50D700536AE2 /* Model */,
				95706F591E4D50D700536AE2 /* View */,
			);
			path = Third;
			sourceTree = "<group>";
		};
		95706F571E4D50D700536AE2 /* Controller */ = {
			isa = PBXGroup;
			children = (
			);
			path = Controller;
			sourceTree = "<group>";
		};
		95706F581E4D50D700536AE2 /* Model */ = {
			isa = PBXGroup;
			children = (
			);
			path = Model;
			sourceTree = "<group>";
		};
		95706F591E4D50D700536AE2 /* View */ = {
			isa = PBXGroup;
			children = (
			);
			path = View;
			sourceTree = "<group>";
		};
		958C35E61E541BEA006FCCF3 /* HttpRequest */ = {
			isa = PBXGroup;
			children = (
				958C35E71E541BFB006FCCF3 /* MY_RequestModel.h */,
				958C35E81E541BFB006FCCF3 /* MY_RequestModel.m */,
			);
			path = HttpRequest;
			sourceTree = "<group>";
		};
		95B022741E52DB9A00B672D3 /* Common */ = {
			isa = PBXGroup;
			children = (
				958C35E61E541BEA006FCCF3 /* HttpRequest */,
				95B022751E52DB9A00B672D3 /* Category */,
				95B022761E52DB9A00B672D3 /* Custom */,
				95B022771E52DB9A00B672D3 /* Define */,
				95B022781E52DB9A00B672D3 /* Util */,
			);
			path = Common;
			sourceTree = "<group>";
		};
		95B022751E52DB9A00B672D3 /* Category */ = {
			isa = PBXGroup;
			children = (
				958C35E01E53F8F6006FCCF3 /* UITableView+MJRefresh.h */,
				958C35E11E53F8F6006FCCF3 /* UITableView+MJRefresh.m */,
				95F800191E55925A00C0F23B /* UIView+Base.h */,
				95F8001A1E55925A00C0F23B /* UIView+Base.m */,
			);
			path = Category;
			sourceTree = "<group>";
		};
		95B022761E52DB9A00B672D3 /* Custom */ = {
			isa = PBXGroup;
			children = (
			);
			path = Custom;
			sourceTree = "<group>";
		};
		95B022771E52DB9A00B672D3 /* Define */ = {
			isa = PBXGroup;
			children = (
				95B0227A1E52DDD600B672D3 /* MY_Common.h */,
				958C35ED1E544974006FCCF3 /* MY_Api.h */,
				95F800121E5578F400C0F23B /* MY_ENUM.h */,
			);
			path = Define;
			sourceTree = "<group>";
		};
		95B022781E52DB9A00B672D3 /* Util */ = {
			isa = PBXGroup;
			children = (
				958C35E31E5400F8006FCCF3 /* MY_Util.h */,
				958C35E41E5400F8006FCCF3 /* MY_Util.m */,
			);
			path = Util;
			sourceTree = "<group>";
		};
		E3F23EC9C81AE0D1C5E01375 /* Frameworks */ = {
			isa = PBXGroup;
			children = (
				6E291C3B8E58DA7299F1D0BE /* libPods-Doctor.a */,
			);
			name = Frameworks;
			sourceTree = "<group>";
		};
/* End PBXGroup section */

/* Begin PBXNativeTarget section */
		950142BF1E4C7D1300987828 /* Doctor */ = {
			isa = PBXNativeTarget;
			buildConfigurationList = 950142D71E4C7D1400987828 /* Build configuration list for PBXNativeTarget "Doctor" */;
			buildPhases = (
				DFBDF8D154C0840A2A605D41 /* [CP] Check Pods Manifest.lock */,
				950142BC1E4C7D1300987828 /* Sources */,
				950142BD1E4C7D1300987828 /* Frameworks */,
				950142BE1E4C7D1300987828 /* Resources */,
				1F0D4099C540D5AFCA869F77 /* [CP] Embed Pods Frameworks */,
				646CAF23BF0EF10D8A5B4978 /* [CP] Copy Pods Resources */,
			);
			buildRules = (
			);
			dependencies = (
			);
			name = Doctor;
			productName = Doctor;
			productReference = 950142C01E4C7D1300987828 /* Doctor.app */;
			productType = "com.apple.product-type.application";
		};
/* End PBXNativeTarget section */

/* Begin PBXProject section */
		950142B81E4C7D1300987828 /* Project object */ = {
			isa = PBXProject;
			attributes = {
				CLASSPREFIX = MY_;
				LastUpgradeCheck = 0810;
				ORGANIZATIONNAME = "王翼天";
				TargetAttributes = {
					950142BF1E4C7D1300987828 = {
						CreatedOnToolsVersion = 8.1;
						DevelopmentTeam = 9R84D6G2YR;
						ProvisioningStyle = Automatic;
					};
				};
			};
			buildConfigurationList = 950142BB1E4C7D1300987828 /* Build configuration list for PBXProject "Doctor" */;
			compatibilityVersion = "Xcode 3.2";
			developmentRegion = English;
			hasScannedForEncodings = 0;
			knownRegions = (
				en,
				Base,
			);
			mainGroup = 950142B71E4C7D1300987828;
			productRefGroup = 950142C11E4C7D1300987828 /* Products */;
			projectDirPath = "";
			projectRoot = "";
			targets = (
				950142BF1E4C7D1300987828 /* Doctor */,
			);
		};
/* End PBXProject section */

/* Begin PBXResourcesBuildPhase section */
		950142BE1E4C7D1300987828 /* Resources */ = {
			isa = PBXResourcesBuildPhase;
			buildActionMask = 2147483647;
			files = (
				950142F31E4C7F3A00987828 /* LaunchScreen.storyboard in Resources */,
				950142ED1E4C7F1100987828 /* Info.plist in Resources */,
				950142D01E4C7D1400987828 /* Assets.xcassets in Resources */,
			);
			runOnlyForDeploymentPostprocessing = 0;
		};
/* End PBXResourcesBuildPhase section */

/* Begin PBXShellScriptBuildPhase section */
		1F0D4099C540D5AFCA869F77 /* [CP] Embed Pods Frameworks */ = {
			isa = PBXShellScriptBuildPhase;
			buildActionMask = 2147483647;
			files = (
			);
			inputPaths = (
			);
			name = "[CP] Embed Pods Frameworks";
			outputPaths = (
			);
			runOnlyForDeploymentPostprocessing = 0;
			shellPath = /bin/sh;
			shellScript = "\"${SRCROOT}/Pods/Target Support Files/Pods-Doctor/Pods-Doctor-frameworks.sh\"\n";
			showEnvVarsInLog = 0;
		};
		646CAF23BF0EF10D8A5B4978 /* [CP] Copy Pods Resources */ = {
			isa = PBXShellScriptBuildPhase;
			buildActionMask = 2147483647;
			files = (
			);
			inputPaths = (
			);
			name = "[CP] Copy Pods Resources";
			outputPaths = (
			);
			runOnlyForDeploymentPostprocessing = 0;
			shellPath = /bin/sh;
			shellScript = "\"${SRCROOT}/Pods/Target Support Files/Pods-Doctor/Pods-Doctor-resources.sh\"\n";
			showEnvVarsInLog = 0;
		};
		DFBDF8D154C0840A2A605D41 /* [CP] Check Pods Manifest.lock */ = {
			isa = PBXShellScriptBuildPhase;
			buildActionMask = 2147483647;
			files = (
			);
			inputPaths = (
			);
			name = "[CP] Check Pods Manifest.lock";
			outputPaths = (
			);
			runOnlyForDeploymentPostprocessing = 0;
			shellPath = /bin/sh;
			shellScript = "diff \"${PODS_ROOT}/../Podfile.lock\" \"${PODS_ROOT}/Manifest.lock\" > /dev/null\nif [[ $? != 0 ]] ; then\n    cat << EOM\nerror: The sandbox is not in sync with the Podfile.lock. Run 'pod install' or update your CocoaPods installation.\nEOM\n    exit 1\nfi\n";
			showEnvVarsInLog = 0;
		};
/* End PBXShellScriptBuildPhase section */

/* Begin PBXSourcesBuildPhase section */
		950142BC1E4C7D1300987828 /* Sources */ = {
			isa = PBXSourcesBuildPhase;
			buildActionMask = 2147483647;
			files = (
				9572FB2B1E53E58D0076E80B /* MY_BaseCell.m in Sources */,
				95F800111E556BE400C0F23B /* MY_LoginController.m in Sources */,
				95706F5F1E4D518600536AE2 /* MY_TableViewController.m in Sources */,
				958C35EC1E542461006FCCF3 /* MY_BaseModel.m in Sources */,
				95706F5C1E4D516300536AE2 /* MY_BaseController.m in Sources */,
				95F800151E55815D00C0F23B /* MY_AccountModel.m in Sources */,
				950142EE1E4C7F1100987828 /* main.m in Sources */,
				95F8001B1E55925A00C0F23B /* UIView+Base.m in Sources */,
				950142F71E4C7F7E00987828 /* MY_TabController.m in Sources */,
				950143001E4C7FF000987828 /* MY_TabBarButton.m in Sources */,
				958C35E91E541BFB006FCCF3 /* MY_RequestModel.m in Sources */,
				958C35E21E53F8F6006FCCF3 /* UITableView+MJRefresh.m in Sources */,
				958C35E51E5400F8006FCCF3 /* MY_Util.m in Sources */,
				950143031E4C800F00987828 /* MY_NavigationController.m in Sources */,
				95F800181E55914500C0F23B /* MY_ScanQRCodeController.m in Sources */,
				95B0227D1E52E1C800B672D3 /* MY_BadgeButton.m in Sources */,
				95F8000E1E554E0F00C0F23B /* MY_NavBar.m in Sources */,
				950142EC1E4C7F1100987828 /* AppDelegate.m in Sources */,
				950142FA1E4C7F9100987828 /* MY_TabBar.m in Sources */,
			);
			runOnlyForDeploymentPostprocessing = 0;
		};
/* End PBXSourcesBuildPhase section */

/* Begin PBXVariantGroup section */
		950142EF1E4C7F3A00987828 /* LaunchScreen.storyboard */ = {
			isa = PBXVariantGroup;
			children = (
				950142F01E4C7F3A00987828 /* Base */,
			);
			name = LaunchScreen.storyboard;
			sourceTree = "<group>";
		};
/* End PBXVariantGroup section */

/* Begin XCBuildConfiguration section */
		950142D51E4C7D1400987828 /* Debug */ = {
			isa = XCBuildConfiguration;
			buildSettings = {
				ALWAYS_SEARCH_USER_PATHS = NO;
				CLANG_ANALYZER_NONNULL = YES;
				CLANG_CXX_LANGUAGE_STANDARD = "gnu++0x";
				CLANG_CXX_LIBRARY = "libc++";
				CLANG_ENABLE_MODULES = YES;
				CLANG_ENABLE_OBJC_ARC = YES;
				CLANG_WARN_BOOL_CONVERSION = YES;
				CLANG_WARN_CONSTANT_CONVERSION = YES;
				CLANG_WARN_DIRECT_OBJC_ISA_USAGE = YES_ERROR;
				CLANG_WARN_DOCUMENTATION_COMMENTS = YES;
				CLANG_WARN_EMPTY_BODY = YES;
				CLANG_WARN_ENUM_CONVERSION = YES;
				CLANG_WARN_INFINITE_RECURSION = YES;
				CLANG_WARN_INT_CONVERSION = YES;
				CLANG_WARN_OBJC_ROOT_CLASS = YES_ERROR;
				CLANG_WARN_SUSPICIOUS_MOVES = YES;
				CLANG_WARN_UNREACHABLE_CODE = YES;
				CLANG_WARN__DUPLICATE_METHOD_MATCH = YES;
				"CODE_SIGN_IDENTITY[sdk=iphoneos*]" = "iPhone Developer";
				COPY_PHASE_STRIP = NO;
				DEBUG_INFORMATION_FORMAT = dwarf;
				ENABLE_STRICT_OBJC_MSGSEND = YES;
				ENABLE_TESTABILITY = YES;
				GCC_C_LANGUAGE_STANDARD = gnu99;
				GCC_DYNAMIC_NO_PIC = NO;
				GCC_NO_COMMON_BLOCKS = YES;
				GCC_OPTIMIZATION_LEVEL = 0;
				GCC_PREPROCESSOR_DEFINITIONS = (
					"DEBUG=1",
					"$(inherited)",
				);
				GCC_WARN_64_TO_32_BIT_CONVERSION = YES;
				GCC_WARN_ABOUT_RETURN_TYPE = YES_ERROR;
				GCC_WARN_UNDECLARED_SELECTOR = YES;
				GCC_WARN_UNINITIALIZED_AUTOS = YES_AGGRESSIVE;
				GCC_WARN_UNUSED_FUNCTION = YES;
				GCC_WARN_UNUSED_VARIABLE = YES;
				IPHONEOS_DEPLOYMENT_TARGET = 10.1;
				MTL_ENABLE_DEBUG_INFO = YES;
				ONLY_ACTIVE_ARCH = YES;
				SDKROOT = iphoneos;
			};
			name = Debug;
		};
		950142D61E4C7D1400987828 /* Release */ = {
			isa = XCBuildConfiguration;
			buildSettings = {
				ALWAYS_SEARCH_USER_PATHS = NO;
				CLANG_ANALYZER_NONNULL = YES;
				CLANG_CXX_LANGUAGE_STANDARD = "gnu++0x";
				CLANG_CXX_LIBRARY = "libc++";
				CLANG_ENABLE_MODULES = YES;
				CLANG_ENABLE_OBJC_ARC = YES;
				CLANG_WARN_BOOL_CONVERSION = YES;
				CLANG_WARN_CONSTANT_CONVERSION = YES;
				CLANG_WARN_DIRECT_OBJC_ISA_USAGE = YES_ERROR;
				CLANG_WARN_DOCUMENTATION_COMMENTS = YES;
				CLANG_WARN_EMPTY_BODY = YES;
				CLANG_WARN_ENUM_CONVERSION = YES;
				CLANG_WARN_INFINITE_RECURSION = YES;
				CLANG_WARN_INT_CONVERSION = YES;
				CLANG_WARN_OBJC_ROOT_CLASS = YES_ERROR;
				CLANG_WARN_SUSPICIOUS_MOVES = YES;
				CLANG_WARN_UNREACHABLE_CODE = YES;
				CLANG_WARN__DUPLICATE_METHOD_MATCH = YES;
				"CODE_SIGN_IDENTITY[sdk=iphoneos*]" = "iPhone Developer";
				COPY_PHASE_STRIP = NO;
				DEBUG_INFORMATION_FORMAT = "dwarf-with-dsym";
				ENABLE_NS_ASSERTIONS = NO;
				ENABLE_STRICT_OBJC_MSGSEND = YES;
				GCC_C_LANGUAGE_STANDARD = gnu99;
				GCC_NO_COMMON_BLOCKS = YES;
				GCC_WARN_64_TO_32_BIT_CONVERSION = YES;
				GCC_WARN_ABOUT_RETURN_TYPE = YES_ERROR;
				GCC_WARN_UNDECLARED_SELECTOR = YES;
				GCC_WARN_UNINITIALIZED_AUTOS = YES_AGGRESSIVE;
				GCC_WARN_UNUSED_FUNCTION = YES;
				GCC_WARN_UNUSED_VARIABLE = YES;
				IPHONEOS_DEPLOYMENT_TARGET = 10.1;
				MTL_ENABLE_DEBUG_INFO = NO;
				SDKROOT = iphoneos;
				VALIDATE_PRODUCT = YES;
			};
			name = Release;
		};
		950142D81E4C7D1400987828 /* Debug */ = {
			isa = XCBuildConfiguration;
			baseConfigurationReference = 4E472CEA6E41CE914BE048A8 /* Pods-Doctor.debug.xcconfig */;
			buildSettings = {
				ASSETCATALOG_COMPILER_APPICON_NAME = AppIcon;
				"CODE_SIGN_IDENTITY[sdk=iphoneos*]" = "iPhone Developer";
				DEVELOPMENT_TEAM = 9R84D6G2YR;
				GCC_PRECOMPILE_PREFIX_HEADER = YES;
				GCC_PREFIX_HEADER = "/Users/wangyitian/Desktop/DoctorGIT/Doctor/Other/Doctor-Prefix.pch";
				INFOPLIST_FILE = "$(SRCROOT)/Doctor/other/Info.plist";
				LD_RUNPATH_SEARCH_PATHS = "$(inherited) @executable_path/Frameworks";
				PRODUCT_BUNDLE_IDENTIFIER = com.massmedgroup.Doctor;
				PRODUCT_NAME = "$(TARGET_NAME)";
			};
			name = Debug;
		};
		950142D91E4C7D1400987828 /* Release */ = {
			isa = XCBuildConfiguration;
			baseConfigurationReference = 8E30043272C7F3709E832F8C /* Pods-Doctor.release.xcconfig */;
			buildSettings = {
				ASSETCATALOG_COMPILER_APPICON_NAME = AppIcon;
				"CODE_SIGN_IDENTITY[sdk=iphoneos*]" = "iPhone Developer";
				DEVELOPMENT_TEAM = 9R84D6G2YR;
				GCC_PRECOMPILE_PREFIX_HEADER = YES;
				GCC_PREFIX_HEADER = "/Users/wangyitian/Desktop/DoctorGIT/Doctor/Other/Doctor-Prefix.pch";
				INFOPLIST_FILE = "$(SRCROOT)/Doctor/other/Info.plist";
				LD_RUNPATH_SEARCH_PATHS = "$(inherited) @executable_path/Frameworks";
				PRODUCT_BUNDLE_IDENTIFIER = com.massmedgroup.Doctor;
				PRODUCT_NAME = "$(TARGET_NAME)";
			};
			name = Release;
		};
/* End XCBuildConfiguration section */

/* Begin XCConfigurationList section */
		950142BB1E4C7D1300987828 /* Build configuration list for PBXProject "Doctor" */ = {
			isa = XCConfigurationList;
			buildConfigurations = (
				950142D51E4C7D1400987828 /* Debug */,
				950142D61E4C7D1400987828 /* Release */,
			);
			defaultConfigurationIsVisible = 0;
			defaultConfigurationName = Release;
		};
		950142D71E4C7D1400987828 /* Build configuration list for PBXNativeTarget "Doctor" */ = {
			isa = XCConfigurationList;
			buildConfigurations = (
				950142D81E4C7D1400987828 /* Debug */,
				950142D91E4C7D1400987828 /* Release */,
			);
			defaultConfigurationIsVisible = 0;
			defaultConfigurationName = Release;
		};
/* End XCConfigurationList section */
	};
	rootObject = 950142B81E4C7D1300987828 /* Project object */;
}
